---
lockfileVersion: '9.0'

importers:

  .:
    configDependencies: {}
    packageManagerDependencies:
      '@pnpm/exe':
        specifier: 11.15.0
        version: 11.15.0
      pnpm:
        specifier: 11.15.0
        version: 11.15.0

packages:

  '@pnpm/exe@11.15.0':
    resolution: {integrity: sha512-6owINZtuIvn0wbfnEsUrkHYOhRBodyeXP4V6DQhD0fHhd+ZAdxokIr4EFJCINxrvWd7Y4thF90U+jZklh2Ax+Q==}
    hasBin: true

  '@pnpm/linux-arm64@11.15.0':
    resolution: {integrity: sha512-iAA1LfnRdWVgQTlS6CtX25M7VMD5KKuGf6i9+VJY2DUSVQlj3bPzMOMyjjklLNiVQ8+UF40SyTMVfCGvHbev2w==}
    cpu: [arm64]
    os: [linux]

  '@pnpm/linux-x64@11.15.0':
    resolution: {integrity: sha512-3BcDyhns7zb0n4dxe2XQa9d8ZfjstjKAggQU2tFqxpG5Se4Hy2MUGzY0dR4vq7IBdRWsKYAHM2aX8h9c58/W/Q==}
    cpu: [x64]
    os: [linux]

  '@pnpm/linuxstatic-arm64@11.15.0':
    resolution: {integrity: sha512-xoMyQ05N47e9/HmNeD40NEuV4QWqYTriivoGI0A5eRMcdyufCvpBVwcd4HIPBkxVTu/oKKiWgmGuQ2rmE8CvXA==}
    cpu: [arm64]
    os: [linux]
    libc: [musl]

  '@pnpm/linuxstatic-x64@11.15.0':
    resolution: {integrity: sha512-S38GXsw5eOCtWiO29qkkjKM5zJsC5mwwy2VnQB2mv16J1rTluHTUeXzQXQ/p/xDKofWjoHGlOnLJCZap4WuDcw==}
    cpu: [x64]
    os: [linux]
    libc: [musl]

  '@pnpm/macos-arm64@11.15.0':
    resolution: {integrity: sha512-dFlmFLMm2HMnpsbC+kWsuIPC7pUUH0rqzuBRrjKkf5vfWh+npUMHPazFigdXdZujDB/t0dDLb/nJL/VA82tlKw==}
    cpu: [arm64]
    os: [darwin]

  '@pnpm/win-arm64@11.15.0':
    resolution: {integrity: sha512-jwIWiRTC+26rZj3X7zqRkBaBX24WUinYt4Pk9jQfyH5B+3Kfco6CibNph0sKHmRaMxPk9A5aEG7z8g/K602wBQ==}
    cpu: [arm64]
    os: [win32]

  '@pnpm/win-x64@11.15.0':
    resolution: {integrity: sha512-WXfNNU+kCAqVNkUPOpm+/SBO40IdLpwyypQge7npgGDImIPTJuZMp4L0aiiZnOHydHYMwBRpuwc364fzb1qHAQ==}
    cpu: [x64]
    os: [win32]

  '@reflink/reflink-darwin-arm64@0.1.19':
    resolution: {integrity: sha512-ruy44Lpepdk1FqDz38vExBY/PVUsjxZA+chd9wozjUH9JjuDT/HEaQYA6wYN9mf041l0yLVar6BCZuWABJvHSA==}
    engines: {node: '>= 10'}
    cpu: [arm64]
    os: [darwin]

  '@reflink/reflink-darwin-x64@0.1.19':
    resolution: {integrity: sha512-By85MSWrMZa+c26TcnAy8SDk0sTUkYlNnwknSchkhHpGXOtjNDUOxJE9oByBnGbeuIE1PiQsxDG3Ud+IVV9yuA==}
    engines: {node: '>= 10'}
    cpu: [x64]
    os: [darwin]

  '@reflink/reflink-linux-arm64-gnu@0.1.19':
    resolution: {integrity: sha512-7P+er8+rP9iNeN+bfmccM4hTAaLP6PQJPKWSA4iSk2bNvo6KU6RyPgYeHxXmzNKzPVRcypZQTpFgstHam6maVg==}
    engines: {node: '>= 10'}
    cpu: [arm64]
    os: [linux]
    libc: [glibc]

  '@reflink/reflink-linux-arm64-musl@0.1.19':
    resolution: {integrity: sha512-37iO/Dp6m5DDaC2sf3zPtx/hl9FV3Xze4xoYidrxxS9bgP3S8ALroxRK6xBG/1TtfXKTvolvp+IjrUU6ujIGmA==}
    engines: {node: '>= 10'}
    cpu: [arm64]
    os: [linux]
    libc: [musl]

  '@reflink/reflink-linux-x64-gnu@0.1.19':
    resolution: {integrity: sha512-jbI8jvuYCaA3MVUdu8vLoLAFqC+iNMpiSuLbxlAgg7x3K5bsS8nOpTRnkLF7vISJ+rVR8W+7ThXlXlUQ93ulkw==}
    engines: {node: '>= 10'}
    cpu: [x64]
    os: [linux]
    libc: [glibc]

  '@reflink/reflink-linux-x64-musl@0.1.19':
    resolution: {integrity: sha512-e9FBWDe+lv7QKAwtKOt6A2W/fyy/aEEfr0g6j/hWzvQcrzHCsz07BNQYlNOjTfeytrtLU7k449H1PI95jA4OjQ==}
    engines: {node: '>= 10'}
    cpu: [x64]
    os: [linux]
    libc: [musl]

  '@reflink/reflink-win32-arm64-msvc@0.1.19':
    resolution: {integrity: sha512-09PxnVIQcd+UOn4WAW73WU6PXL7DwGS6wPlkMhMg2zlHHG65F3vHepOw06HFCq+N42qkaNAc8AKIabWvtk6cIQ==}
    engines: {node: '>= 10'}
    cpu: [arm64]
    os: [win32]

  '@reflink/reflink-win32-x64-msvc@0.1.19':
    resolution: {integrity: sha512-E//yT4ni2SyhwP8JRjVGWr3cbnhWDiPLgnQ66qqaanjjnMiu3O/2tjCPQXlcGc/DEYofpDc9fvhv6tALQsMV9w==}
    engines: {node: '>= 10'}
    cpu: [x64]
    os: [win32]

  '@reflink/reflink@0.1.19':
    resolution: {integrity: sha512-DmCG8GzysnCZ15bres3N5AHCmwBwYgp0As6xjhQ47rAUTUXxJiK+lLUxaGsX3hd/30qUpVElh05PbGuxRPgJwA==}
    engines: {node: '>= 10'}

  detect-libc@2.1.2:
    resolution: {integrity: sha512-Btj2BOOO83o3WyH59e8MgXsxEQVcarkUOpEYrubB0urwnN10yQ364rsiByU11nZlqWYZm05i/of7io4mzihBtQ==}
    engines: {node: '>=8'}

  pnpm@11.15.0:
    resolution: {integrity: sha512-Jm+JV6MNK+bpRo5eZrze3TWnlBdfcbBnuoUE1obM4dDA9CmzPDI8PFaa1IkeZnV0pJ/3HRuJoizGbxPGWBjFeA==}
    engines: {node: '>=22.13'}
    hasBin: true

snapshots:

  '@pnpm/exe@11.15.0':
    dependencies:
      '@reflink/reflink': 0.1.19
      detect-libc: 2.1.2
    optionalDependencies:
      '@pnpm/linux-arm64': 11.15.0
      '@pnpm/linux-x64': 11.15.0
      '@pnpm/linuxstatic-arm64': 11.15.0
      '@pnpm/linuxstatic-x64': 11.15.0
      '@pnpm/macos-arm64': 11.15.0
      '@pnpm/win-arm64': 11.15.0
      '@pnpm/win-x64': 11.15.0

  '@pnpm/linux-arm64@11.15.0':
    optional: true

  '@pnpm/linux-x64@11.15.0':
    optional: true

  '@pnpm/linuxstatic-arm64@11.15.0':
    optional: true

  '@pnpm/linuxstatic-x64@11.15.0':
    optional: true

  '@pnpm/macos-arm64@11.15.0':
    optional: true

  '@pnpm/win-arm64@11.15.0':
    optional: true

  '@pnpm/win-x64@11.15.0':
    optional: true

  '@reflink/reflink-darwin-arm64@0.1.19':
    optional: true

  '@reflink/reflink-darwin-x64@0.1.19':
    optional: true

  '@reflink/reflink-linux-arm64-gnu@0.1.19':
    optional: true

  '@reflink/reflink-linux-arm64-musl@0.1.19':
    optional: true

  '@reflink/reflink-linux-x64-gnu@0.1.19':
    optional: true

  '@reflink/reflink-linux-x64-musl@0.1.19':
    optional: true

  '@reflink/reflink-win32-arm64-msvc@0.1.19':
    optional: true

  '@reflink/reflink-win32-x64-msvc@0.1.19':
    optional: true

  '@reflink/reflink@0.1.19':
    optionalDependencies:
      '@reflink/reflink-darwin-arm64': 0.1.19
      '@reflink/reflink-darwin-x64': 0.1.19
      '@reflink/reflink-linux-arm64-gnu': 0.1.19
      '@reflink/reflink-linux-arm64-musl': 0.1.19
      '@reflink/reflink-linux-x64-gnu': 0.1.19
      '@reflink/reflink-linux-x64-musl': 0.1.19
      '@reflink/reflink-win32-arm64-msvc': 0.1.19
      '@reflink/reflink-win32-x64-msvc': 0.1.19

  detect-libc@2.1.2: {}

  pnpm@11.15.0: {}

---
lockfileVersion: '9.0'

settings:
  autoInstallPeers: true
  excludeLinksFromLockfile: false

importers:

  .:
    dependencies:
      '@actions/core':
        specifier: 3.0.1
        version: 3.0.1
      '@actions/exec':
        specifier: 3.0.0
        version: 3.0.0
      '@actions/tool-cache':
        specifier: 4.0.0
        version: 4.0.0
    devDependencies:
      '@tsconfig/node24':
        specifier: 24.0.4
        version: 24.0.4
      '@tsconfig/strictest':
        specifier: 2.0.8
        version: 2.0.8
      '@types/node':
        specifier: 24.13.3
        version: 24.13.3
      prettier:
        specifier: 3.9.5
        version: 3.9.5
      rolldown:
        specifier: 1.2.0
        version: 1.2.0
      typescript:
        specifier: 7.0.2
        version: 7.0.2

packages:

  '@actions/core@3.0.1':
    resolution: {integrity: sha512-a6d/Nwahm9fliVGRhdhofo40HjHQasUPusmc7vBfyky+7Z+P2A1J68zyFVaNcEclc/Se+eO595oAr5nwEIoIUA==}

  '@actions/exec@3.0.0':
    resolution: {integrity: sha512-6xH/puSoNBXb72VPlZVm7vQ+svQpFyA96qdDBvhB8eNZOE8LtPf9L4oAsfzK/crCL8YZ+19fKYVnM63Sl+Xzlw==}

  '@actions/http-client@4.0.1':
    resolution: {integrity: sha512-+Nvd1ImaOZBSoPbsUtEhv+1z99H12xzncCkz0a3RuehINE81FZSe2QTj3uvAPTcJX/SCzUQHQ0D1GrPMbrPitg==}

  '@actions/io@3.0.2':
    resolution: {integrity: sha512-nRBchcMM+QK1pdjO7/idu86rbJI5YHUKCvKs0KxnSYbVe3F51UfGxuZX4Qy/fWlp6l7gWFwIkrOzN+oUK03kfw==}

  '@actions/tool-cache@4.0.0':
    resolution: {integrity: sha512-L8P9HbXvpvqjZDveb/fdsa55IVC0trfPgQ4ZwGo6r5af6YDVdM9vMGPZ7rgY2fAT9gGj4PSYd6bYlg3p3jD78A==}

  '@emnapi/core@1.11.2':
    resolution: {integrity: sha512-TC8MkTuZUtcTSiFeuC0ksCh9QIJ5+F21MvZ4Wn4ORfYaFJ/0dsiudv5tVkejgwZlwQ39jL9WWDe2lz8x0WglOA==}

  '@emnapi/runtime@1.11.2':
    resolution: {integrity: sha512-kyOl3X0DuTiT1h2ft8r2fYO8JYtU9a9Xis/zBSiGArNaagCOWx90N1k2wxp18czFDH+OgcWGb5ZP/XMt3dcyPA==}

  '@emnapi/wasi-threads@1.2.2':
    resolution: {integrity: sha512-c95qOXkHdydNKhscBTebqEC1CVAZpyqOfVfBzQ1qgzyl3gfeldUjIggDbIZgDKsHLgnsM+igH7TJ/eAasaVuMA==}

  '@napi-rs/wasm-runtime@1.1.6':
    resolution: {integrity: sha512-ZLv/JdUfkvOy9eCnnBaGfiO+XimbjebAeO+MRQqD/B+FR1tnRN0tpKSJHRbE8sFfS6aqsXZ67TQjfwfsxULVbg==}
    peerDependencies:
      '@emnapi/core': ^1.7.1
      '@emnapi/runtime': ^1.7.1

  '@oxc-project/types@0.140.0':
    resolution: {integrity: sha512-h5LUOzGArYemnW1NMz/DuuQhBi96J6JL2Bk8zE4kvqxB5Sg3jxmCiH4uyOWHDkiKSt5vWlG4FIwCR/DbstcNRQ==}

  '@rolldown/binding-android-arm64@1.2.0':
    resolution: {integrity: sha512-9yB1l95IrJuNGDFdOYe79vdApdz6WWBCObE+rQ2LUliYUlcyFwSYIb2xb5/Ifw7dAtMy2ZqNyd8QTSOc7duAKw==}
    engines: {node: ^20.19.0 || >=22.12.0}
    cpu: [arm64]
    os: [android]

  '@rolldown/binding-darwin-arm64@1.2.0':
    resolution: {integrity: sha512-pexNaW9ACLUOaBITOpU6qVu4VrsOFIjTv6bzgu0YUATo4eUJx0V605PxwZfndpPOn0ilqGqvGQ0M8UW0IE24jg==}
    engines: {node: ^20.19.0 || >=22.12.0}
    cpu: [arm64]
    os: [darwin]

  '@rolldown/binding-darwin-x64@1.2.0':
    resolution: {integrity: sha512-NqKYaq0355ZmNMG4QGpxtEDxsc7tGDhjhCm4PpE0cwnBW+5Il95LJyq414niEiaKLVjnVHBEjSo1wngKxJNiFw==}
    engines: {node: ^20.19.0 || >=22.12.0}
    cpu: [x64]
    os: [darwin]

  '@rolldown/binding-freebsd-x64@1.2.0':
    resolution: {integrity: sha512-3vPoHzh6eBTz9IbB0/qZdSr0Qeks2echn+I4cHu2joV74VriPDdldswksEDzrl1mBB+oPRi+67+3Ib59paxIPQ==}
    engines: {node: ^20.19.0 || >=22.12.0}
    cpu: [x64]
    os: [freebsd]

  '@rolldown/binding-linux-arm-gnueabihf@1.2.0':
    resolution: {integrity: sha512-E6NNefZ1bUVmKJq2tJkf45J4Zyczj7qm9rUT7NY+Xo2474Y13qWAwc2tvBt0BAVbmtXR1llkxXg0Ou1jbDf2SQ==}
    engines: {node: ^20.19.0 || >=22.12.0}
    cpu: [arm]
    os: [linux]

  '@rolldown/binding-linux-arm64-gnu@1.2.0':
    resolution: {integrity: sha512-D+TgkdgM1vu+7/Fpf8+v0ARW+RXEP9Ccazgm8zQ4JFFd9Q7SrYQ2TakU5S5ihazQDgpKyAgZDOcIFsvoHmTZ8w==}
    engines: {node: ^20.19.0 || >=22.12.0}
    cpu: [arm64]
    os: [linux]
    libc: [glibc]

  '@rolldown/binding-linux-arm64-musl@1.2.0':
    resolution: {integrity: sha512-wUqdwJBbAv0APN87GecstdMUtLjjNTs0hBALpxETD73mccFxdmt/XeizXDtN5RAlBwNKmI+Tg+blect2G+8IeQ==}
    engines: {node: ^20.19.0 || >=22.12.0}
    cpu: [arm64]
    os: [linux]
    libc: [musl]

  '@rolldown/binding-linux-ppc64-gnu@1.2.0':
    resolution: {integrity: sha512-9DtF35qR9/NrfhM4oxLplCzVVjE+KKm8Pjemi0i/sdhAWkUasjmSo8WTTubNJClhSHCfyk2yeyoXDQEDPtDAAw==}
    engines: {node: ^20.19.0 || >=22.12.0}
    cpu: [ppc64]
    os: [linux]
    libc: [glibc]

  '@rolldown/binding-linux-s390x-gnu@1.2.0':
    resolution: {integrity: sha512-RzuHrBh8X8Hntd2N4VR02QGEciq/9JhcZoTpR/Cee6otRrlILGCf3cg2ygHuih+ZebUnWmMrDX6ITI85btO6rQ==}
    engines: {node: ^20.19.0 || >=22.12.0}
    cpu: [s390x]
    os: [linux]
    libc: [glibc]

  '@rolldown/binding-linux-x64-gnu@1.2.0':
    resolution: {integrity: sha512-MK7L0018jjh1jR3mh21G2j1zAVcpscJBlPo2z19pRjv2XOYGRhaV4LyiD8HO6nCDdZln9IFgCMIV5yt4E3klGQ==}
    engines: {node: ^20.19.0 || >=22.12.0}
    cpu: [x64]
    os: [linux]
    libc: [glibc]

  '@rolldown/binding-linux-x64-musl@1.2.0':
    resolution: {integrity: sha512-gyrxLQ9NfGb/9LoVnC4kb9miUghw1mghnkfYvNHSnVIXriabnfgGPUP4RLcJm87q3KgYz4FYUG8IDiWUT+CpSw==}
    engines: {node: ^20.19.0 || >=22.12.0}
    cpu: [x64]
    os: [linux]
    libc: [musl]

  '@rolldown/binding-openharmony-arm64@1.2.0':
    resolution: {integrity: sha512-/6VFMQGRmrhP77KXDC+StIxGzcNp5JOIyYtw0CQ8gPlzhpiIRucYfoM5FaFamHd5BJYIdH86yfP46l1p3WdrFA==}
    engines: {node: ^20.19.0 || >=22.12.0}
    cpu: [arm64]
    os: [openharmony]

  '@rolldown/binding-wasm32-wasi@1.2.0':
    resolution: {integrity: sha512-rwdbUL465kisF24WEJLvP3JrEG6E5GRuIHt5wpMwHGERtHe4Wm2CIvtf5gTBgr2tGOHKh5NdKEAFS2VkOPE91g==}
    engines: {node: ^20.19.0 || >=22.12.0}
    cpu: [wasm32]

  '@rolldown/binding-win32-arm64-msvc@1.2.0':
    resolution: {integrity: sha512-+5suHwRiKGmhwyUaNT8a5QbrBvLFh2DbO910TEmGRH1aSxwrCezodvGQnulv4uiWEIv1Kq4ypRsJ5+O+ry1DiA==}
    engines: {node: ^20.19.0 || >=22.12.0}
    cpu: [arm64]
    os: [win32]

  '@rolldown/binding-win32-x64-msvc@1.2.0':
    resolution: {integrity: sha512-WfFv6/qGufotqBSBzBYwgpCkJBk8Nj7697LL9vTz/XWc67e0r3oewu8iMRwQj3AUL45GVD7wVsPjCsAAtW66Wg==}
    engines: {node: ^20.19.0 || >=22.12.0}
    cpu: [x64]
    os: [win32]

  '@rolldown/pluginutils@1.0.1':
    resolution: {integrity: sha512-2j9bGt5Jh8hj+vPtgzPtl72j0yRxHAyumoo6TNfAjsLB04UtpSvPbPcDcBMxz7n+9CYB0c1GxQFxYRg2jimqGw==}

  '@tsconfig/node24@24.0.4':
    resolution: {integrity: sha512-2A933l5P5oCbv6qSxHs7ckKwobs8BDAe9SJ/Xr2Hy+nDlwmLE1GhFh/g/vXGRZWgxBg9nX/5piDtHR9Dkw/XuA==}

  '@tsconfig/strictest@2.0.8':
    resolution: {integrity: sha512-XnQ7vNz5HRN0r88GYf1J9JJjqtZPiHt2woGJOo2dYqyHGGcd6OLGqSlBB6p1j9mpzja6Oe5BoPqWmeDx6X9rLw==}

  '@tybys/wasm-util@0.10.3':
    resolution: {integrity: sha512-F3fo1MYrRJYL3zER0OUOmkutjr1Vp23m7OsSgp7nq4SP6OqX6C/56XFIPAl5bt3zaBRjmW7SGz3u/6LwFpYcOg==}

  '@types/node@24.13.3':
    resolution: {integrity: sha512-Dh8vAsV36ig5wa9OX4pXvMc9D3Veibfw2wix0CUwYODLD8nkj9UsLjASr49nPg+2eKzxhBV+v7L8pXvT4e639Q==}

  '@typescript/typescript-aix-ppc64@7.0.2':
    resolution: {integrity: sha512-MTKKkWB7p/0E9xi1d1tHtZ5PiLkGEMIq88pK2CubZjOsLtYTLqhgIgi6zepFa+9GHZ6h05NMCkQxGKiPXMxXtQ==}
    engines: {node: '>=16.20.0'}
    cpu: [ppc64]
    os: [aix]

  '@typescript/typescript-darwin-arm64@7.0.2':
    resolution: {integrity: sha512-gowzar9MwS/aRWp6f3a4KUqzRjAZjOsmGNCM6LcTgXum+dBfgsBVMN+AgvOCCbguXyick6LJhpBszxMebJ8syA==}
    engines: {node: '>=16.20.0'}
    cpu: [arm64]
    os: [darwin]

  '@typescript/typescript-darwin-x64@7.0.2':
    resolution: {integrity: sha512-SZ9xZInqApNlNGc9s0W1VSsktYSOe9cFqNOIqmN1Gs8SmkjKZYFt017G4VwPxASInODuAdbTW7sXiFUf893RgA==}
    engines: {node: '>=16.20.0'}
    cpu: [x64]
    os: [darwin]

  '@typescript/typescript-freebsd-arm64@7.0.2':
    resolution: {integrity: sha512-W5NH4y/J0plIIS5b2xvTEkU7JFxyqdMAOgf+Ilhl0vHQXKO5dZoxd+C/jEtq56c4F3wk71RB4BMRQ2XdI+bwYQ==}
    engines: {node: '>=16.20.0'}
    cpu: [arm64]
    os: [freebsd]

  '@typescript/typescript-freebsd-x64@7.0.2':
    resolution: {integrity: sha512-UMGDx5sTpzNw3WiPebH7l90IWfJggEd+egHt/q6p7/Cm3zqoV7VxkGXt+3DxPIw8CcmvAB0j3sVVfbhX+M4Tpw==}
    engines: {node: '>=16.20.0'}
    cpu: [x64]
    os: [freebsd]

  '@typescript/typescript-linux-arm64@7.0.2':
    resolution: {integrity: sha512-Qh4eU4/y3yDjnfjjyPYihMj5/ODIlmt+Bzu17OI+fiSRDW57QmU5SiN63exPRNJPKUzcc1INa1NXdrJ+MqHjUQ==}
    engines: {node: '>=16.20.0'}
    cpu: [arm64]
    os: [linux]

  '@typescript/typescript-linux-arm@7.0.2':
    resolution: {integrity: sha512-gffT3xPz9sR7j/YJExkyPntrI0P2EP9XbOyWzth2/Gs0RstK+90RBcO0ncXoXy/beYll1SXw846Nf2zdnEz0QQ==}
    engines: {node: '>=16.20.0'}
    cpu: [arm]
    os: [linux]

  '@typescript/typescript-linux-loong64@7.0.2':
    resolution: {integrity: sha512-uEHck9i8hoAzXPiYRib1O7miOnz23SxIeVl6F4LXox+qov1K35jHcEW6VHKvZI+pyvl7fZEP4MCU5LYvIq1GuQ==}
    engines: {node: '>=16.20.0'}
    cpu: [loong64]
    os: [linux]

  '@typescript/typescript-linux-mips64el@7.0.2':
    resolution: {integrity: sha512-R4KvAMnE43W5Qeqb0Ly56O3mWMWIAgsMyz36DCaycd5nbg/9kzm0liw3JocfRqyJY0KPmzFjbswozXyW0DnIYA==}
    engines: {node: '>=16.20.0'}
    cpu: [mips64el]
    os: [linux]

  '@typescript/typescript-linux-ppc64@7.0.2':
    resolution: {integrity: sha512-DORx5b3sd/4S7eayxm4FQv+A7CrkUIGRaHiwI8oiHTAI1fAPWhF4J0vAlkC8biAlHSVVwxMQ3tjZ2/DVbnQiiA==}
    engines: {node: '>=16.20.0'}
    cpu: [ppc64]
    os: [linux]

  '@typescript/typescript-linux-riscv64@7.0.2':
    resolution: {integrity: sha512-wf0jqEDOjrPRnKwYRyyJDRo11KMbvMFrU+q4zqKyChODBzvlkbhNQfKvLxQCcwTpdDaXSHZTVuh0JoCrKCUMHQ==}
    engines: {node: '>=16.20.0'}
    cpu: [riscv64]
    os: [linux]

  '@typescript/typescript-linux-s390x@7.0.2':
    resolution: {integrity: sha512-IkwJc3L7yhytWd/ewjyxNDfOmswCm9GWMJT/ue/dU4aZNbwZeYAetq42VyLmsmSjvoX7z74X6ZaYCtzAr0EuGw==}
    engines: {node: '>=16.20.0'}
    cpu: [s390x]
    os: [linux]

  '@typescript/typescript-linux-x64@7.0.2':
    resolution: {integrity: sha512-EYdf2cNg7rgCWJnxCdJ+F3V39O8ihb37eHAu1LK8oAFizgTQbPOK7zHHXbPt8rX24COqODXeI3sIf0fCXG7H/A==}
    engines: {node: '>=16.20.0'}
    cpu: [x64]
    os: [linux]

  '@typescript/typescript-netbsd-arm64@7.0.2':
    resolution: {integrity: sha512-+polYF4MF04aPpO5FTkHran9yUQDSXqy5GiSDKpsll5jy3l3+g9QLhpf39T+ePtefhXLOGrLl0QIjkQP6VnelA==}
    engines: {node: '>=16.20.0'}
    cpu: [arm64]
    os: [netbsd]

  '@typescript/typescript-netbsd-x64@7.0.2':
    resolution: {integrity: sha512-8YIT0EHM/3dq10ZOVF/A7pc/YSMtbcecct4rWtexrnSCHOPcpC2KTLXfTCR6vDpnSiY12heNb1GiN/wu+T/FyA==}
    engines: {node: '>=16.20.0'}
    cpu: [x64]
    os: [netbsd]

  '@typescript/typescript-openbsd-arm64@7.0.2':
    resolution: {integrity: sha512-APT8+ClYnuYm1u9+kgGXoMj2VzWzcymwh2gNSQVySHfkRDGOTVkoWLjCmOQSaO+PoqQ57B0flRp9SA+7GnnkzQ==}
    engines: {node: '>=16.20.0'}
    cpu: [arm64]
    os: [openbsd]

  '@typescript/typescript-openbsd-x64@7.0.2':
    resolution: {integrity: sha512-yX7s+Q0Dln0Dt9tEzZsAjXXR/+ytBM7AlglaqyeMPxQszJ1JhlJdZ6jLA+IzldHtflX81em7lDao1xXu+aRRkg==}
    engines: {node: '>=16.20.0'}
    cpu: [x64]
    os: [openbsd]

  '@typescript/typescript-sunos-x64@7.0.2':
    resolution: {integrity: sha512-dLJDGaLZ1D4HPQn62u1n8mBDkJREwMsAkCdkwd4Ieqw+x3TUyTsqY0YiBCtE6H6OzzgGk3iuZ3vFWRS+E8/d1g==}
    engines: {node: '>=16.20.0'}
    cpu: [x64]
    os: [sunos]

  '@typescript/typescript-win32-arm64@7.0.2':
    resolution: {integrity: sha512-Gyl1Vy6OsWesLzmq+EP0Fb7b4Nid5232AvcA2SFcdYreldpNtYFFofPjnt62y9hQy7VTaZp65ICJjuAQRaVcIQ==}
    engines: {node: '>=16.20.0'}
    cpu: [arm64]
    os: [win32]

  '@typescript/typescript-win32-x64@7.0.2':
    resolution: {integrity: sha512-0BQ3HkAHHlKLSp1qRvf3SUhGpGsDuhB/jgFw75guyqbxJqEaS0Cw/VFO8i2nHglJUzQCRtMMR/IBAKE3ETMC4g==}
    engines: {node: '>=16.20.0'}
    cpu: [x64]
    os: [win32]

  prettier@3.9.5:
    resolution: {integrity: sha512-/FVl766LpUfB5vXgCYOYa0MeV/441Ia99AeICQIQFTY/Nw0roZwULcXpku5i1/m5kt/baz+s4Zogspd839HSMg==}
    engines: {node: '>=14'}
    hasBin: true

  rolldown@1.2.0:
    resolution: {integrity: sha512-u7tgm5l4Yw1iTqUL4EcYOAt7fFvCgQMLeidrnD4GALlC6aOznCjezYajgxeyKw27u0Q5N7fwgCzjVyPIWzwuBA==}
    engines: {node: ^20.19.0 || >=22.12.0}
    hasBin: true

  semver@7.8.5:
    resolution: {integrity: sha512-Y7/KDsb8LjooZpwaqGyulO6DQlksgCncchHGk+sZIY4SBvUocMBEFH5Ur1fI4dV+Jvl0w6cjvucaIi40puRioA==}
    engines: {node: '>=10'}
    hasBin: true

  tslib@2.8.1:
    resolution: {integrity: sha512-oJFu94HQb+KVduSUQL7wnpmqnfmLsOA/nAh6b6EH0wCEoK0/mPeXU6c3wKDV83MkOuHPRHtSXKKU99IBazS/2w==}

  tunnel@0.0.6:
    resolution: {integrity: sha512-1h/Lnq9yajKY2PEbBadPXj3VxsDDu844OnaAo52UVmIzIvwwtBPIuNvkjuzBlTWpfJyUbG3ez0KSBibQkj4ojg==}
    engines: {node: '>=0.6.11 <=0.7.0 || >=0.7.3'}

  typescript@7.0.2:
    resolution: {integrity: sha512-8FYau96o3NKOhbjKi/qNvG/W5jhzxkbdm5sj9AbZ/5T5sWqn3hJgLfGx27sRKZWTvyzCP8dLRBTf5tBTSRVUNA==}
    engines: {node: '>=16.20.0'}
    hasBin: true

  undici-types@7.18.2:
    resolution: {integrity: sha512-AsuCzffGHJybSaRrmr5eHr81mwJU3kjw6M+uprWvCXiNeN9SOGwQ3Jn8jb8m3Z6izVgknn1R0FTCEAP2QrLY/w==}

  undici@6.27.0:
    resolution: {integrity: sha512-YmfV3YnEDzXRC5lZ2jWtWWHKGUm1zIt8AhesR1tens+HTNv+YZlN/dp6G727LOvMJ8xjP9Be7Y2Sdr96LDm+pg==}
    engines: {node: '>=18.17'}

snapshots:

  '@actions/core@3.0.1':
    dependencies:
      '@actions/exec': 3.0.0
      '@actions/http-client': 4.0.1

  '@actions/exec@3.0.0':
    dependencies:
      '@actions/io': 3.0.2

  '@actions/http-client@4.0.1':
    dependencies:
      tunnel: 0.0.6
      undici: 6.27.0

  '@actions/io@3.0.2': {}

  '@actions/tool-cache@4.0.0':
    dependencies:
      '@actions/core': 3.0.1
      '@actions/exec': 3.0.0
      '@actions/http-client': 4.0.1
      '@actions/io': 3.0.2
      semver: 7.8.5

  '@emnapi/core@1.11.2':
    dependencies:
      '@emnapi/wasi-threads': 1.2.2
      tslib: 2.8.1
    optional: true

  '@emnapi/runtime@1.11.2':
    dependencies:
      tslib: 2.8.1
    optional: true

  '@emnapi/wasi-threads@1.2.2':
    dependencies:
      tslib: 2.8.1
    optional: true

  '@napi-rs/wasm-runtime@1.1.6(@emnapi/core@1.11.2)(@emnapi/runtime@1.11.2)':
    dependencies:
      '@emnapi/core': 1.11.2
      '@emnapi/runtime': 1.11.2
      '@tybys/wasm-util': 0.10.3
    optional: true

  '@oxc-project/types@0.140.0': {}

  '@rolldown/binding-android-arm64@1.2.0':
    optional: true

  '@rolldown/binding-darwin-arm64@1.2.0':
    optional: true

  '@rolldown/binding-darwin-x64@1.2.0':
    optional: true

  '@rolldown/binding-freebsd-x64@1.2.0':
    optional: true

  '@rolldown/binding-linux-arm-gnueabihf@1.2.0':
    optional: true

  '@rolldown/binding-linux-arm64-gnu@1.2.0':
    optional: true

  '@rolldown/binding-linux-arm64-musl@1.2.0':
    optional: true

  '@rolldown/binding-linux-ppc64-gnu@1.2.0':
    optional: true

  '@rolldown/binding-linux-s390x-gnu@1.2.0':
    optional: true

  '@rolldown/binding-linux-x64-gnu@1.2.0':
    optional: true

  '@rolldown/binding-linux-x64-musl@1.2.0':
    optional: true

  '@rolldown/binding-openharmony-arm64@1.2.0':
    optional: true

  '@rolldown/binding-wasm32-wasi@1.2.0':
    dependencies:
      '@emnapi/core': 1.11.2
      '@emnapi/runtime': 1.11.2
      '@napi-rs/wasm-runtime': 1.1.6(@emnapi/core@1.11.2)(@emnapi/runtime@1.11.2)
    optional: true

  '@rolldown/binding-win32-arm64-msvc@1.2.0':
    optional: true

  '@rolldown/binding-win32-x64-msvc@1.2.0':
    optional: true

  '@rolldown/pluginutils@1.0.1': {}

  '@tsconfig/node24@24.0.4': {}

  '@tsconfig/strictest@2.0.8': {}

  '@tybys/wasm-util@0.10.3':
    dependencies:
      tslib: 2.8.1
    optional: true

  '@types/node@24.13.3':
    dependencies:
      undici-types: 7.18.2

  '@typescript/typescript-aix-ppc64@7.0.2':
    optional: true

  '@typescript/typescript-darwin-arm64@7.0.2':
    optional: true

  '@typescript/typescript-darwin-x64@7.0.2':
    optional: true

  '@typescript/typescript-freebsd-arm64@7.0.2':
    optional: true

  '@typescript/typescript-freebsd-x64@7.0.2':
    optional: true

  '@typescript/typescript-linux-arm64@7.0.2':
    optional: true

  '@typescript/typescript-linux-arm@7.0.2':
    optional: true

  '@typescript/typescript-linux-loong64@7.0.2':
    optional: true

  '@typescript/typescript-linux-mips64el@7.0.2':
    optional: true

  '@typescript/typescript-linux-ppc64@7.0.2':
    optional: true

  '@typescript/typescript-linux-riscv64@7.0.2':
    optional: true

  '@typescript/typescript-linux-s390x@7.0.2':
    optional: true

  '@typescript/typescript-linux-x64@7.0.2':
    optional: true

  '@typescript/typescript-netbsd-arm64@7.0.2':
    optional: true

  '@typescript/typescript-netbsd-x64@7.0.2':
    optional: true

  '@typescript/typescript-openbsd-arm64@7.0.2':
    optional: true

  '@typescript/typescript-openbsd-x64@7.0.2':
    optional: true

  '@typescript/typescript-sunos-x64@7.0.2':
    optional: true

  '@typescript/typescript-win32-arm64@7.0.2':
    optional: true

  '@typescript/typescript-win32-x64@7.0.2':
    optional: true

  prettier@3.9.5: {}

  rolldown@1.2.0:
    dependencies:
      '@oxc-project/types': 0.140.0
      '@rolldown/pluginutils': 1.0.1
    optionalDependencies:
      '@rolldown/binding-android-arm64': 1.2.0
      '@rolldown/binding-darwin-arm64': 1.2.0
      '@rolldown/binding-darwin-x64': 1.2.0
      '@rolldown/binding-freebsd-x64': 1.2.0
      '@rolldown/binding-linux-arm-gnueabihf': 1.2.0
      '@rolldown/binding-linux-arm64-gnu': 1.2.0
      '@rolldown/binding-linux-arm64-musl': 1.2.0
      '@rolldown/binding-linux-ppc64-gnu': 1.2.0
      '@rolldown/binding-linux-s390x-gnu': 1.2.0
      '@rolldown/binding-linux-x64-gnu': 1.2.0
      '@rolldown/binding-linux-x64-musl': 1.2.0
      '@rolldown/binding-openharmony-arm64': 1.2.0
      '@rolldown/binding-wasm32-wasi': 1.2.0
      '@rolldown/binding-win32-arm64-msvc': 1.2.0
      '@rolldown/binding-win32-x64-msvc': 1.2.0

  semver@7.8.5: {}

  tslib@2.8.1:
    optional: true

  tunnel@0.0.6: {}

  typescript@7.0.2:
    optionalDependencies:
      '@typescript/typescript-aix-ppc64': 7.0.2
      '@typescript/typescript-darwin-arm64': 7.0.2
      '@typescript/typescript-darwin-x64': 7.0.2
      '@typescript/typescript-freebsd-arm64': 7.0.2
      '@typescript/typescript-freebsd-x64': 7.0.2
      '@typescript/typescript-linux-arm': 7.0.2
      '@typescript/typescript-linux-arm64': 7.0.2
      '@typescript/typescript-linux-loong64': 7.0.2
      '@typescript/typescript-linux-mips64el': 7.0.2
      '@typescript/typescript-linux-ppc64': 7.0.2
      '@typescript/typescript-linux-riscv64': 7.0.2
      '@typescript/typescript-linux-s390x': 7.0.2
      '@typescript/typescript-linux-x64': 7.0.2
      '@typescript/typescript-netbsd-arm64': 7.0.2
      '@typescript/typescript-netbsd-x64': 7.0.2
      '@typescript/typescript-openbsd-arm64': 7.0.2
      '@typescript/typescript-openbsd-x64': 7.0.2
      '@typescript/typescript-sunos-x64': 7.0.2
      '@typescript/typescript-win32-arm64': 7.0.2
      '@typescript/typescript-win32-x64': 7.0.2

  undici-types@7.18.2: {}

  undici@6.27.0: {}
